
Microsoft Visual Studio Solution File, Format Version 12.00
# Visual Studio Version 17
VisualStudioVersion = 17.3.32929.385
MinimumVisualStudioVersion = 10.0.40219.1
Project("{FAE04EC0-301F-11D3-BF4B-00C04F79EFBC}") = "05", "05\05.csproj", "{0BB9DBDE-1547-4F26-8FAD-32FA5D7D073F}"
EndProject
Global
	GlobalSection(SolutionConfigurationPlatforms) = preSolution
		Debug|Any CPU = Debug|Any CPU
		Release|Any CPU = Release|Any CPU
	EndGlobalSection
	GlobalSection(ProjectConfigurationPlatforms) = postSolution
		{0BB9DBDE-1547-4F26-8FAD-32FA5D7D073F}.Debug|Any CPU.ActiveCfg = Debug|Any CPU
		{0BB9DBDE-1547-4F26-8FAD-32FA5D7D073F}.Debug|Any CPU.Build.0 = Debug|Any CPU
		{0BB9DBDE-1547-4F26-8FAD-32FA5D7D073F}.Release|Any CPU.ActiveCfg = Release|Any CPU
		{0BB9DBDE-1547-4F26-8FAD-32FA5D7D073F}.Release|Any CPU.Build.0 = Release|Any CPU
	EndGlobalSection
	GlobalSection(SolutionProperties) = preSolution
		HideSolutionNode = FALSE
	EndGlobalSection
	GlobalSection(ExtensibilityGlobals) = postSolution
		SolutionGuid = {EFFAE616-11A6-4368-B60F-11D76CC9D58E}
	EndGlobalSection
EndGlobal
