
Microsoft Visual Studio Solution File, Format Version 12.00
# Visual Studio Version 17
VisualStudioVersion = 17.3.32929.385
MinimumVisualStudioVersion = 10.0.40219.1
Project("{FAE04EC0-301F-11D3-BF4B-00C04F79EFBC}") = "03", "03\03.csproj", "{8FCB352B-A216-4E73-8C93-CBE552D4992E}"
EndProject
Global
	GlobalSection(SolutionConfigurationPlatforms) = preSolution
		Debug|Any CPU = Debug|Any CPU
		Release|Any CPU = Release|Any CPU
	EndGlobalSection
	GlobalSection(ProjectConfigurationPlatforms) = postSolution
		{8FCB352B-A216-4E73-8C93-CBE552D4992E}.Debug|Any CPU.ActiveCfg = Debug|Any CPU
		{8FCB352B-A216-4E73-8C93-CBE552D4992E}.Debug|Any CPU.Build.0 = Debug|Any CPU
		{8FCB352B-A216-4E73-8C93-CBE552D4992E}.Release|Any CPU.ActiveCfg = Release|Any CPU
		{8FCB352B-A216-4E73-8C93-CBE552D4992E}.Release|Any CPU.Build.0 = Release|Any CPU
	EndGlobalSection
	GlobalSection(SolutionProperties) = preSolution
		HideSolutionNode = FALSE
	EndGlobalSection
	GlobalSection(ExtensibilityGlobals) = postSolution
		SolutionGuid = {DE410B4E-3EC6-4BEC-A50B-F13FF2A598C9}
	EndGlobalSection
EndGlobal
