
Microsoft Visual Studio Solution File, Format Version 12.00
# Visual Studio Version 17
VisualStudioVersion = 17.3.32929.385
MinimumVisualStudioVersion = 10.0.40219.1
Project("{FAE04EC0-301F-11D3-BF4B-00C04F79EFBC}") = "SegundoProblemaExemplo", "SegundoProblemaExemplo\SegundoProblemaExemplo.csproj", "{7E4D1750-078D-4DD8-B87E-903AC6504AE3}"
EndProject
Global
	GlobalSection(SolutionConfigurationPlatforms) = preSolution
		Debug|Any CPU = Debug|Any CPU
		Release|Any CPU = Release|Any CPU
	EndGlobalSection
	GlobalSection(ProjectConfigurationPlatforms) = postSolution
		{7E4D1750-078D-4DD8-B87E-903AC6504AE3}.Debug|Any CPU.ActiveCfg = Debug|Any CPU
		{7E4D1750-078D-4DD8-B87E-903AC6504AE3}.Debug|Any CPU.Build.0 = Debug|Any CPU
		{7E4D1750-078D-4DD8-B87E-903AC6504AE3}.Release|Any CPU.ActiveCfg = Release|Any CPU
		{7E4D1750-078D-4DD8-B87E-903AC6504AE3}.Release|Any CPU.Build.0 = Release|Any CPU
	EndGlobalSection
	GlobalSection(SolutionProperties) = preSolution
		HideSolutionNode = FALSE
	EndGlobalSection
	GlobalSection(ExtensibilityGlobals) = postSolution
		SolutionGuid = {576EB925-B511-469B-931A-DB5D4C8D4E38}
	EndGlobalSection
EndGlobal
