
Microsoft Visual Studio Solution File, Format Version 12.00
# Visual Studio Version 17
VisualStudioVersion = 17.3.32929.385
MinimumVisualStudioVersion = 10.0.40219.1
Project("{FAE04EC0-301F-11D3-BF4B-00C04F79EFBC}") = "01", "01\01.csproj", "{8971235B-7CA0-4BFD-A2F9-C68F6266308C}"
EndProject
Global
	GlobalSection(SolutionConfigurationPlatforms) = preSolution
		Debug|Any CPU = Debug|Any CPU
		Release|Any CPU = Release|Any CPU
	EndGlobalSection
	GlobalSection(ProjectConfigurationPlatforms) = postSolution
		{8971235B-7CA0-4BFD-A2F9-C68F6266308C}.Debug|Any CPU.ActiveCfg = Debug|Any CPU
		{8971235B-7CA0-4BFD-A2F9-C68F6266308C}.Debug|Any CPU.Build.0 = Debug|Any CPU
		{8971235B-7CA0-4BFD-A2F9-C68F6266308C}.Release|Any CPU.ActiveCfg = Release|Any CPU
		{8971235B-7CA0-4BFD-A2F9-C68F6266308C}.Release|Any CPU.Build.0 = Release|Any CPU
	EndGlobalSection
	GlobalSection(SolutionProperties) = preSolution
		HideSolutionNode = FALSE
	EndGlobalSection
	GlobalSection(ExtensibilityGlobals) = postSolution
		SolutionGuid = {C79F0377-E712-43C3-8700-3AC05BDE9BB4}
	EndGlobalSection
EndGlobal
