
Microsoft Visual Studio Solution File, Format Version 12.00
# Visual Studio Version 17
VisualStudioVersion = 17.3.32929.385
MinimumVisualStudioVersion = 10.0.40219.1
Project("{FAE04EC0-301F-11D3-BF4B-00C04F79EFBC}") = "02", "02\02.csproj", "{C96FD3BB-0D4E-447C-955D-EBB9CF1506EE}"
EndProject
Global
	GlobalSection(SolutionConfigurationPlatforms) = preSolution
		Debug|Any CPU = Debug|Any CPU
		Release|Any CPU = Release|Any CPU
	EndGlobalSection
	GlobalSection(ProjectConfigurationPlatforms) = postSolution
		{C96FD3BB-0D4E-447C-955D-EBB9CF1506EE}.Debug|Any CPU.ActiveCfg = Debug|Any CPU
		{C96FD3BB-0D4E-447C-955D-EBB9CF1506EE}.Debug|Any CPU.Build.0 = Debug|Any CPU
		{C96FD3BB-0D4E-447C-955D-EBB9CF1506EE}.Release|Any CPU.ActiveCfg = Release|Any CPU
		{C96FD3BB-0D4E-447C-955D-EBB9CF1506EE}.Release|Any CPU.Build.0 = Release|Any CPU
	EndGlobalSection
	GlobalSection(SolutionProperties) = preSolution
		HideSolutionNode = FALSE
	EndGlobalSection
	GlobalSection(ExtensibilityGlobals) = postSolution
		SolutionGuid = {FC10D7B5-ACF4-4B4E-ADA7-39C5908C4A16}
	EndGlobalSection
EndGlobal
