
Microsoft Visual Studio Solution File, Format Version 12.00
# Visual Studio Version 17
VisualStudioVersion = 17.3.32929.385
MinimumVisualStudioVersion = 10.0.40219.1
Project("{FAE04EC0-301F-11D3-BF4B-00C04F79EFBC}") = "04", "04\04.csproj", "{8FC4E122-CFAB-4C6B-9B1B-131CC1BF6BDE}"
EndProject
Global
	GlobalSection(SolutionConfigurationPlatforms) = preSolution
		Debug|Any CPU = Debug|Any CPU
		Release|Any CPU = Release|Any CPU
	EndGlobalSection
	GlobalSection(ProjectConfigurationPlatforms) = postSolution
		{8FC4E122-CFAB-4C6B-9B1B-131CC1BF6BDE}.Debug|Any CPU.ActiveCfg = Debug|Any CPU
		{8FC4E122-CFAB-4C6B-9B1B-131CC1BF6BDE}.Debug|Any CPU.Build.0 = Debug|Any CPU
		{8FC4E122-CFAB-4C6B-9B1B-131CC1BF6BDE}.Release|Any CPU.ActiveCfg = Release|Any CPU
		{8FC4E122-CFAB-4C6B-9B1B-131CC1BF6BDE}.Release|Any CPU.Build.0 = Release|Any CPU
	EndGlobalSection
	GlobalSection(SolutionProperties) = preSolution
		HideSolutionNode = FALSE
	EndGlobalSection
	GlobalSection(ExtensibilityGlobals) = postSolution
		SolutionGuid = {84DA9B14-CC6A-4ED8-A439-5CBF9A60F02C}
	EndGlobalSection
EndGlobal
